{
  "name": "proj-ok-scope-d2l",
  "version": "1.0.0",
  "lockfileVersion": 1,
  "requires": true,
  "dependencies": {
    "@d2l/eslint-config-aurora": {
      "version": "0.1.1",
      "resolved": "https://d2lartifacts.artifactoryonline.com/d2lartifacts/api/npm/npm-local/@d2l/eslint-config-aurora/-/@d2l/eslint-config-aurora-0.1.1.tgz",
      "integrity": "sha1-3roRrhcoFpwMzZCXW0wXceAhN9U="
    }
  }
}
